
Microsoft Visual Studio Solution File, Format Version 12.00
# Visual Studio 15
VisualStudioVersion = 15.0.27428.2015
MinimumVisualStudioVersion = 10.0.40219.1
Project("{9A19103F-16F7-4668-BE54-9A1E7A4F7556}") = "diagnostix.API", "diagnostix.API\diagnostix.API.csproj", "{FC47CD81-520A-4EB8-9FD0-04AD6C07C1A5}"
EndProject
Project("{9A19103F-16F7-4668-BE54-9A1E7A4F7556}") = "diagnostix.SSO", "diagnostix.SSO\diagnostix.SSO.csproj", "{6A98AF28-2155-4536-A579-FB58A70AA16B}"
EndProject
Project("{FAE04EC0-301F-11D3-BF4B-00C04F79EFBC}") = "diagnostix.WEB", "diagnostix.WEB\diagnostix.WEB.csproj", "{2108C957-1E1A-4382-BEFB-85E7CF127F5E}"
EndProject
Global
	GlobalSection(SolutionConfigurationPlatforms) = preSolution
		Debug|Any CPU = Debug|Any CPU
		Release|Any CPU = Release|Any CPU
	EndGlobalSection
	GlobalSection(ProjectConfigurationPlatforms) = postSolution
		{FC47CD81-520A-4EB8-9FD0-04AD6C07C1A5}.Debug|Any CPU.ActiveCfg = Debug|Any CPU
		{FC47CD81-520A-4EB8-9FD0-04AD6C07C1A5}.Debug|Any CPU.Build.0 = Debug|Any CPU
		{FC47CD81-520A-4EB8-9FD0-04AD6C07C1A5}.Release|Any CPU.ActiveCfg = Release|Any CPU
		{FC47CD81-520A-4EB8-9FD0-04AD6C07C1A5}.Release|Any CPU.Build.0 = Release|Any CPU
		{6A98AF28-2155-4536-A579-FB58A70AA16B}.Debug|Any CPU.ActiveCfg = Debug|Any CPU
		{6A98AF28-2155-4536-A579-FB58A70AA16B}.Debug|Any CPU.Build.0 = Debug|Any CPU
		{6A98AF28-2155-4536-A579-FB58A70AA16B}.Release|Any CPU.ActiveCfg = Release|Any CPU
		{6A98AF28-2155-4536-A579-FB58A70AA16B}.Release|Any CPU.Build.0 = Release|Any CPU
		{2108C957-1E1A-4382-BEFB-85E7CF127F5E}.Debug|Any CPU.ActiveCfg = Debug|Any CPU
		{2108C957-1E1A-4382-BEFB-85E7CF127F5E}.Debug|Any CPU.Build.0 = Debug|Any CPU
		{2108C957-1E1A-4382-BEFB-85E7CF127F5E}.Release|Any CPU.ActiveCfg = Release|Any CPU
		{2108C957-1E1A-4382-BEFB-85E7CF127F5E}.Release|Any CPU.Build.0 = Release|Any CPU
	EndGlobalSection
	GlobalSection(SolutionProperties) = preSolution
		HideSolutionNode = FALSE
	EndGlobalSection
	GlobalSection(ExtensibilityGlobals) = postSolution
		SolutionGuid = {F0386BAB-7B8C-4404-B6BD-E1B07BFF1DD9}
	EndGlobalSection
EndGlobal
